// !$*UTF8*$!
{
	archiveVersion = 1;
	classes = {
	};
	objectVersion = 51;
	objects = {

/* Begin PBXBuildFile section */
		80E3CA3DCB9658081E24463A /* Pods_Parstagram.framework in Frameworks */ = {isa = PBXBuildFile; fileRef = 62FEFA5E178CC7D782A247A5 /* Pods_Parstagram.framework */; };
		904A3817E2CD49562183CC33 /* Pods_ParstagramTests.framework in Frameworks */ = {isa = PBXBuildFile; fileRef = FB83E2223D30C23C12169CBA /* Pods_ParstagramTests.framework */; };
		9D4523DB26052A96003C03B9 /* PostCell.swift in Sources */ = {isa = PBXBuildFile; fileRef = 9D4523DA26052A96003C03B9 /* PostCell.swift */; };
		9DA44AA626046EFF00FF71AF /* LoginViewController.swift in Sources */ = {isa = PBXBuildFile; fileRef = 9DA44AA526046EFF00FF71AF /* LoginViewController.swift */; };
		9DA44AAB26046F1400FF71AF /* FeedViewController.swift in Sources */ = {isa = PBXBuildFile; fileRef = 9DA44AAA26046F1400FF71AF /* FeedViewController.swift */; };
		9DA44AB02604798500FF71AF /* CameraViewController.swift in Sources */ = {isa = PBXBuildFile; fileRef = 9DA44AAF2604798500FF71AF /* CameraViewController.swift */; };
		9DD0B1B626046B4300D2E1B4 /* AppDelegate.swift in Sources */ = {isa = PBXBuildFile; fileRef = 9DD0B1B526046B4300D2E1B4 /* AppDelegate.swift */; };
		9DD0B1B826046B4300D2E1B4 /* SceneDelegate.swift in Sources */ = {isa = PBXBuildFile; fileRef = 9DD0B1B726046B4300D2E1B4 /* SceneDelegate.swift */; };
		9DD0B1BD26046B4300D2E1B4 /* Main.storyboard in Resources */ = {isa = PBXBuildFile; fileRef = 9DD0B1BB26046B4300D2E1B4 /* Main.storyboard */; };
		9DD0B1BF26046B4400D2E1B4 /* Assets.xcassets in Resources */ = {isa = PBXBuildFile; fileRef = 9DD0B1BE26046B4400D2E1B4 /* Assets.xcassets */; };
		9DD0B1C226046B4400D2E1B4 /* LaunchScreen.storyboard in Resources */ = {isa = PBXBuildFile; fileRef = 9DD0B1C026046B4400D2E1B4 /* LaunchScreen.storyboard */; };
		9DD0B1CD26046B4400D2E1B4 /* ParstagramTests.swift in Sources */ = {isa = PBXBuildFile; fileRef = 9DD0B1CC26046B4400D2E1B4 /* ParstagramTests.swift */; };
		9DD0B1D826046B4400D2E1B4 /* ParstagramUITests.swift in Sources */ = {isa = PBXBuildFile; fileRef = 9DD0B1D726046B4400D2E1B4 /* ParstagramUITests.swift */; };
		E89D6BC3B047E83D7558455A /* Pods_Parstagram_ParstagramUITests.framework in Frameworks */ = {isa = PBXBuildFile; fileRef = 9BB360736CA2A92C7495784E /* Pods_Parstagram_ParstagramUITests.framework */; };
/* End PBXBuildFile section */

/* Begin PBXContainerItemProxy section */
		9DD0B1C926046B4400D2E1B4 /* PBXContainerItemProxy */ = {
			isa = PBXContainerItemProxy;
			containerPortal = 9DD0B1AA26046B4300D2E1B4 /* Project object */;
			proxyType = 1;
			remoteGlobalIDString = 9DD0B1B126046B4300D2E1B4;
			remoteInfo = Parstagram;
		};
		9DD0B1D426046B4400D2E1B4 /* PBXContainerItemProxy */ = {
			isa = PBXContainerItemProxy;
			containerPortal = 9DD0B1AA26046B4300D2E1B4 /* Project object */;
			proxyType = 1;
			remoteGlobalIDString = 9DD0B1B126046B4300D2E1B4;
			remoteInfo = Parstagram;
		};
/* End PBXContainerItemProxy section */

/* Begin PBXFileReference section */
		10AFBECB750BC6ECF7683612 /* Pods-ParstagramTests.debug.xcconfig */ = {isa = PBXFileReference; includeInIndex = 1; lastKnownFileType = text.xcconfig; name = "Pods-ParstagramTests.debug.xcconfig"; path = "Target Support Files/Pods-ParstagramTests/Pods-ParstagramTests.debug.xcconfig"; sourceTree = "<group>"; };
		569BDBB816DB0370CE0C5610 /* Pods-Parstagram-ParstagramUITests.debug.xcconfig */ = {isa = PBXFileReference; includeInIndex = 1; lastKnownFileType = text.xcconfig; name = "Pods-Parstagram-ParstagramUITests.debug.xcconfig"; path = "Target Support Files/Pods-Parstagram-ParstagramUITests/Pods-Parstagram-ParstagramUITests.debug.xcconfig"; sourceTree = "<group>"; };
		62FEFA5E178CC7D782A247A5 /* Pods_Parstagram.framework */ = {isa = PBXFileReference; explicitFileType = wrapper.framework; includeInIndex = 0; path = Pods_Parstagram.framework; sourceTree = BUILT_PRODUCTS_DIR; };
		6A89C8170AF4C67194220771 /* Pods-ParstagramTests.release.xcconfig */ = {isa = PBXFileReference; includeInIndex = 1; lastKnownFileType = text.xcconfig; name = "Pods-ParstagramTests.release.xcconfig"; path = "Target Support Files/Pods-ParstagramTests/Pods-ParstagramTests.release.xcconfig"; sourceTree = "<group>"; };
		9BB360736CA2A92C7495784E /* Pods_Parstagram_ParstagramUITests.framework */ = {isa = PBXFileReference; explicitFileType = wrapper.framework; includeInIndex = 0; path = Pods_Parstagram_ParstagramUITests.framework; sourceTree = BUILT_PRODUCTS_DIR; };
		9D4523DA26052A96003C03B9 /* PostCell.swift */ = {isa = PBXFileReference; lastKnownFileType = sourcecode.swift; path = PostCell.swift; sourceTree = "<group>"; };
		9DA44AA526046EFF00FF71AF /* LoginViewController.swift */ = {isa = PBXFileReference; lastKnownFileType = sourcecode.swift; path = LoginViewController.swift; sourceTree = "<group>"; };
		9DA44AAA26046F1400FF71AF /* FeedViewController.swift */ = {isa = PBXFileReference; lastKnownFileType = sourcecode.swift; path = FeedViewController.swift; sourceTree = "<group>"; };
		9DA44AAF2604798500FF71AF /* CameraViewController.swift */ = {isa = PBXFileReference; lastKnownFileType = sourcecode.swift; path = CameraViewController.swift; sourceTree = "<group>"; };
		9DD0B1B226046B4300D2E1B4 /* Parstagram.app */ = {isa = PBXFileReference; explicitFileType = wrapper.application; includeInIndex = 0; path = Parstagram.app; sourceTree = BUILT_PRODUCTS_DIR; };
		9DD0B1B526046B4300D2E1B4 /* AppDelegate.swift */ = {isa = PBXFileReference; lastKnownFileType = sourcecode.swift; path = AppDelegate.swift; sourceTree = "<group>"; };
		9DD0B1B726046B4300D2E1B4 /* SceneDelegate.swift */ = {isa = PBXFileReference; lastKnownFileType = sourcecode.swift; path = SceneDelegate.swift; sourceTree = "<group>"; };
		9DD0B1BC26046B4300D2E1B4 /* Base */ = {isa = PBXFileReference; lastKnownFileType = file.storyboard; name = Base; path = Base.lproj/Main.storyboard; sourceTree = "<group>"; };
		9DD0B1BE26046B4400D2E1B4 /* Assets.xcassets */ = {isa = PBXFileReference; lastKnownFileType = folder.assetcatalog; path = Assets.xcassets; sourceTree = "<group>"; };
		9DD0B1C126046B4400D2E1B4 /* Base */ = {isa = PBXFileReference; lastKnownFileType = file.storyboard; name = Base; path = Base.lproj/LaunchScreen.storyboard; sourceTree = "<group>"; };
		9DD0B1C326046B4400D2E1B4 /* Info.plist */ = {isa = PBXFileReference; lastKnownFileType = text.plist.xml; path = Info.plist; sourceTree = "<group>"; };
		9DD0B1C826046B4400D2E1B4 /* ParstagramTests.xctest */ = {isa = PBXFileReference; explicitFileType = wrapper.cfbundle; includeInIndex = 0; path = ParstagramTests.xctest; sourceTree = BUILT_PRODUCTS_DIR; };
		9DD0B1CC26046B4400D2E1B4 /* ParstagramTests.swift */ = {isa = PBXFileReference; lastKnownFileType = sourcecode.swift; path = ParstagramTests.swift; sourceTree = "<group>"; };
		9DD0B1CE26046B4400D2E1B4 /* Info.plist */ = {isa = PBXFileReference; lastKnownFileType = text.plist.xml; path = Info.plist; sourceTree = "<group>"; };
		9DD0B1D326046B4400D2E1B4 /* ParstagramUITests.xctest */ = {isa = PBXFileReference; explicitFileType = wrapper.cfbundle; includeInIndex = 0; path = ParstagramUITests.xctest; sourceTree = BUILT_PRODUCTS_DIR; };
		9DD0B1D726046B4400D2E1B4 /* ParstagramUITests.swift */ = {isa = PBXFileReference; lastKnownFileType = sourcecode.swift; path = ParstagramUITests.swift; sourceTree = "<group>"; };
		9DD0B1D926046B4400D2E1B4 /* Info.plist */ = {isa = PBXFileReference; lastKnownFileType = text.plist.xml; path = Info.plist; sourceTree = "<group>"; };
		B33B01C7B72F804B7A12E880 /* Pods-Parstagram.debug.xcconfig */ = {isa = PBXFileReference; includeInIndex = 1; lastKnownFileType = text.xcconfig; name = "Pods-Parstagram.debug.xcconfig"; path = "Target Support Files/Pods-Parstagram/Pods-Parstagram.debug.xcconfig"; sourceTree = "<group>"; };
		C1D5479EB61D4580F393444E /* Pods-Parstagram-ParstagramUITests.release.xcconfig */ = {isa = PBXFileReference; includeInIndex = 1; lastKnownFileType = text.xcconfig; name = "Pods-Parstagram-ParstagramUITests.release.xcconfig"; path = "Target Support Files/Pods-Parstagram-ParstagramUITests/Pods-Parstagram-ParstagramUITests.release.xcconfig"; sourceTree = "<group>"; };
		D78AD83953FE1052FFCE3B71 /* Pods-Parstagram.release.xcconfig */ = {isa = PBXFileReference; includeInIndex = 1; lastKnownFileType = text.xcconfig; name = "Pods-Parstagram.release.xcconfig"; path = "Target Support Files/Pods-Parstagram/Pods-Parstagram.release.xcconfig"; sourceTree = "<group>"; };
		FB83E2223D30C23C12169CBA /* Pods_ParstagramTests.framework */ = {isa = PBXFileReference; explicitFileType = wrapper.framework; includeInIndex = 0; path = Pods_ParstagramTests.framework; sourceTree = BUILT_PRODUCTS_DIR; };
/* End PBXFileReference section */

/* Begin PBXFrameworksBuildPhase section */
		9DD0B1AF26046B4300D2E1B4 /* Frameworks */ = {
			isa = PBXFrameworksBuildPhase;
			buildActionMask = 2147483647;
			files = (
				80E3CA3DCB9658081E24463A /* Pods_Parstagram.framework in Frameworks */,
			);
			runOnlyForDeploymentPostprocessing = 0;
		};
		9DD0B1C526046B4400D2E1B4 /* Frameworks */ = {
			isa = PBXFrameworksBuildPhase;
			buildActionMask = 2147483647;
			files = (
				904A3817E2CD49562183CC33 /* Pods_ParstagramTests.framework in Frameworks */,
			);
			runOnlyForDeploymentPostprocessing = 0;
		};
		9DD0B1D026046B4400D2E1B4 /* Frameworks */ = {
			isa = PBXFrameworksBuildPhase;
			buildActionMask = 2147483647;
			files = (
				E89D6BC3B047E83D7558455A /* Pods_Parstagram_ParstagramUITests.framework in Frameworks */,
			);
			runOnlyForDeploymentPostprocessing = 0;
		};
/* End PBXFrameworksBuildPhase section */

/* Begin PBXGroup section */
		3700327EBCCEEB90BD272564 /* Pods */ = {
			isa = PBXGroup;
			children = (
				B33B01C7B72F804B7A12E880 /* Pods-Parstagram.debug.xcconfig */,
				D78AD83953FE1052FFCE3B71 /* Pods-Parstagram.release.xcconfig */,
				569BDBB816DB0370CE0C5610 /* Pods-Parstagram-ParstagramUITests.debug.xcconfig */,
				C1D5479EB61D4580F393444E /* Pods-Parstagram-ParstagramUITests.release.xcconfig */,
				10AFBECB750BC6ECF7683612 /* Pods-ParstagramTests.debug.xcconfig */,
				6A89C8170AF4C67194220771 /* Pods-ParstagramTests.release.xcconfig */,
			);
			path = Pods;
			sourceTree = "<group>";
		};
		48A966317B1E9A329310918E /* Frameworks */ = {
			isa = PBXGroup;
			children = (
				62FEFA5E178CC7D782A247A5 /* Pods_Parstagram.framework */,
				9BB360736CA2A92C7495784E /* Pods_Parstagram_ParstagramUITests.framework */,
				FB83E2223D30C23C12169CBA /* Pods_ParstagramTests.framework */,
			);
			name = Frameworks;
			sourceTree = "<group>";
		};
		9DD0B1A926046B4300D2E1B4 = {
			isa = PBXGroup;
			children = (
				9DD0B1B426046B4300D2E1B4 /* Parstagram */,
				9DD0B1CB26046B4400D2E1B4 /* ParstagramTests */,
				9DD0B1D626046B4400D2E1B4 /* ParstagramUITests */,
				9DD0B1B326046B4300D2E1B4 /* Products */,
				3700327EBCCEEB90BD272564 /* Pods */,
				48A966317B1E9A329310918E /* Frameworks */,
			);
			sourceTree = "<group>";
		};
		9DD0B1B326046B4300D2E1B4 /* Products */ = {
			isa = PBXGroup;
			children = (
				9DD0B1B226046B4300D2E1B4 /* Parstagram.app */,
				9DD0B1C826046B4400D2E1B4 /* ParstagramTests.xctest */,
				9DD0B1D326046B4400D2E1B4 /* ParstagramUITests.xctest */,
			);
			name = Products;
			sourceTree = "<group>";
		};
		9DD0B1B426046B4300D2E1B4 /* Parstagram */ = {
			isa = PBXGroup;
			children = (
				9DD0B1B526046B4300D2E1B4 /* AppDelegate.swift */,
				9DD0B1B726046B4300D2E1B4 /* SceneDelegate.swift */,
				9DD0B1BB26046B4300D2E1B4 /* Main.storyboard */,
				9DD0B1BE26046B4400D2E1B4 /* Assets.xcassets */,
				9DD0B1C026046B4400D2E1B4 /* LaunchScreen.storyboard */,
				9DD0B1C326046B4400D2E1B4 /* Info.plist */,
				9DA44AA526046EFF00FF71AF /* LoginViewController.swift */,
				9DA44AAA26046F1400FF71AF /* FeedViewController.swift */,
				9DA44AAF2604798500FF71AF /* CameraViewController.swift */,
				9D4523DA26052A96003C03B9 /* PostCell.swift */,
			);
			path = Parstagram;
			sourceTree = "<group>";
		};
		9DD0B1CB26046B4400D2E1B4 /* ParstagramTests */ = {
			isa = PBXGroup;
			children = (
				9DD0B1CC26046B4400D2E1B4 /* ParstagramTests.swift */,
				9DD0B1CE26046B4400D2E1B4 /* Info.plist */,
			);
			path = ParstagramTests;
			sourceTree = "<group>";
		};
		9DD0B1D626046B4400D2E1B4 /* ParstagramUITests */ = {
			isa = PBXGroup;
			children = (
				9DD0B1D726046B4400D2E1B4 /* ParstagramUITests.swift */,
				9DD0B1D926046B4400D2E1B4 /* Info.plist */,
			);
			path = ParstagramUITests;
			sourceTree = "<group>";
		};
/* End PBXGroup section */

/* Begin PBXNativeTarget section */
		9DD0B1B126046B4300D2E1B4 /* Parstagram */ = {
			isa = PBXNativeTarget;
			buildConfigurationList = 9DD0B1DC26046B4400D2E1B4 /* Build configuration list for PBXNativeTarget "Parstagram" */;
			buildPhases = (
				21A66BF8E5211A57A91D64A6 /* [CP] Check Pods Manifest.lock */,
				9DD0B1AE26046B4300D2E1B4 /* Sources */,
				9DD0B1AF26046B4300D2E1B4 /* Frameworks */,
				9DD0B1B026046B4300D2E1B4 /* Resources */,
				04638939E59D9371B3ADC361 /* [CP] Embed Pods Frameworks */,
			);
			buildRules = (
			);
			dependencies = (
			);
			name = Parstagram;
			productName = Parstagram;
			productReference = 9DD0B1B226046B4300D2E1B4 /* Parstagram.app */;
			productType = "com.apple.product-type.application";
		};
		9DD0B1C726046B4400D2E1B4 /* ParstagramTests */ = {
			isa = PBXNativeTarget;
			buildConfigurationList = 9DD0B1DF26046B4400D2E1B4 /* Build configuration list for PBXNativeTarget "ParstagramTests" */;
			buildPhases = (
				6865378A585CCDD4632B9036 /* [CP] Check Pods Manifest.lock */,
				9DD0B1C426046B4400D2E1B4 /* Sources */,
				9DD0B1C526046B4400D2E1B4 /* Frameworks */,
				9DD0B1C626046B4400D2E1B4 /* Resources */,
			);
			buildRules = (
			);
			dependencies = (
				9DD0B1CA26046B4400D2E1B4 /* PBXTargetDependency */,
			);
			name = ParstagramTests;
			productName = ParstagramTests;
			productReference = 9DD0B1C826046B4400D2E1B4 /* ParstagramTests.xctest */;
			productType = "com.apple.product-type.bundle.unit-test";
		};
		9DD0B1D226046B4400D2E1B4 /* ParstagramUITests */ = {
			isa = PBXNativeTarget;
			buildConfigurationList = 9DD0B1E226046B4400D2E1B4 /* Build configuration list for PBXNativeTarget "ParstagramUITests" */;
			buildPhases = (
				755EEAEFA214CCF27FD14F4D /* [CP] Check Pods Manifest.lock */,
				9DD0B1CF26046B4400D2E1B4 /* Sources */,
				9DD0B1D026046B4400D2E1B4 /* Frameworks */,
				9DD0B1D126046B4400D2E1B4 /* Resources */,
				77EA9C71A9E0375987473F0E /* [CP] Embed Pods Frameworks */,
			);
			buildRules = (
			);
			dependencies = (
				9DD0B1D526046B4400D2E1B4 /* PBXTargetDependency */,
			);
			name = ParstagramUITests;
			productName = ParstagramUITests;
			productReference = 9DD0B1D326046B4400D2E1B4 /* ParstagramUITests.xctest */;
			productType = "com.apple.product-type.bundle.ui-testing";
		};
/* End PBXNativeTarget section */

/* Begin PBXProject section */
		9DD0B1AA26046B4300D2E1B4 /* Project object */ = {
			isa = PBXProject;
			attributes = {
				LastSwiftUpdateCheck = 1230;
				LastUpgradeCheck = 1230;
				TargetAttributes = {
					9DD0B1B126046B4300D2E1B4 = {
						CreatedOnToolsVersion = 12.3;
					};
					9DD0B1C726046B4400D2E1B4 = {
						CreatedOnToolsVersion = 12.3;
						TestTargetID = 9DD0B1B126046B4300D2E1B4;
					};
					9DD0B1D226046B4400D2E1B4 = {
						CreatedOnToolsVersion = 12.3;
						TestTargetID = 9DD0B1B126046B4300D2E1B4;
					};
				};
			};
			buildConfigurationList = 9DD0B1AD26046B4300D2E1B4 /* Build configuration list for PBXProject "Parstagram" */;
			compatibilityVersion = "Xcode 9.3";
			developmentRegion = en;
			hasScannedForEncodings = 0;
			knownRegions = (
				en,
				Base,
			);
			mainGroup = 9DD0B1A926046B4300D2E1B4;
			productRefGroup = 9DD0B1B326046B4300D2E1B4 /* Products */;
			projectDirPath = "";
			projectRoot = "";
			targets = (
				9DD0B1B126046B4300D2E1B4 /* Parstagram */,
				9DD0B1C726046B4400D2E1B4 /* ParstagramTests */,
				9DD0B1D226046B4400D2E1B4 /* ParstagramUITests */,
			);
		};
/* End PBXProject section */

/* Begin PBXResourcesBuildPhase section */
		9DD0B1B026046B4300D2E1B4 /* Resources */ = {
			isa = PBXResourcesBuildPhase;
			buildActionMask = 2147483647;
			files = (
				9DD0B1C226046B4400D2E1B4 /* LaunchScreen.storyboard in Resources */,
				9DD0B1BF26046B4400D2E1B4 /* Assets.xcassets in Resources */,
				9DD0B1BD26046B4300D2E1B4 /* Main.storyboard in Resources */,
			);
			runOnlyForDeploymentPostprocessing = 0;
		};
		9DD0B1C626046B4400D2E1B4 /* Resources */ = {
			isa = PBXResourcesBuildPhase;
			buildActionMask = 2147483647;
			files = (
			);
			runOnlyForDeploymentPostprocessing = 0;
		};
		9DD0B1D126046B4400D2E1B4 /* Resources */ = {
			isa = PBXResourcesBuildPhase;
			buildActionMask = 2147483647;
			files = (
			);
			runOnlyForDeploymentPostprocessing = 0;
		};
/* End PBXResourcesBuildPhase section */

/* Begin PBXShellScriptBuildPhase section */
		04638939E59D9371B3ADC361 /* [CP] Embed Pods Frameworks */ = {
			isa = PBXShellScriptBuildPhase;
			buildActionMask = 2147483647;
			files = (
			);
			inputFileListPaths = (
				"${PODS_ROOT}/Target Support Files/Pods-Parstagram/Pods-Parstagram-frameworks-${CONFIGURATION}-input-files.xcfilelist",
			);
			name = "[CP] Embed Pods Frameworks";
			outputFileListPaths = (
				"${PODS_ROOT}/Target Support Files/Pods-Parstagram/Pods-Parstagram-frameworks-${CONFIGURATION}-output-files.xcfilelist",
			);
			runOnlyForDeploymentPostprocessing = 0;
			shellPath = /bin/sh;
			shellScript = "\"${PODS_ROOT}/Target Support Files/Pods-Parstagram/Pods-Parstagram-frameworks.sh\"\n";
			showEnvVarsInLog = 0;
		};
		21A66BF8E5211A57A91D64A6 /* [CP] Check Pods Manifest.lock */ = {
			isa = PBXShellScriptBuildPhase;
			buildActionMask = 2147483647;
			files = (
			);
			inputFileListPaths = (
			);
			inputPaths = (
				"${PODS_PODFILE_DIR_PATH}/Podfile.lock",
				"${PODS_ROOT}/Manifest.lock",
			);
			name = "[CP] Check Pods Manifest.lock";
			outputFileListPaths = (
			);
			outputPaths = (
				"$(DERIVED_FILE_DIR)/Pods-Parstagram-checkManifestLockResult.txt",
			);
			runOnlyForDeploymentPostprocessing = 0;
			shellPath = /bin/sh;
			shellScript = "diff \"${PODS_PODFILE_DIR_PATH}/Podfile.lock\" \"${PODS_ROOT}/Manifest.lock\" > /dev/null\nif [ $? != 0 ] ; then\n    # print error to STDERR\n    echo \"error: The sandbox is not in sync with the Podfile.lock. Run 'pod install' or update your CocoaPods installation.\" >&2\n    exit 1\nfi\n# This output is used by Xcode 'outputs' to avoid re-running this script phase.\necho \"SUCCESS\" > \"${SCRIPT_OUTPUT_FILE_0}\"\n";
			showEnvVarsInLog = 0;
		};
		6865378A585CCDD4632B9036 /* [CP] Check Pods Manifest.lock */ = {
			isa = PBXShellScriptBuildPhase;
			buildActionMask = 2147483647;
			files = (
			);
			inputFileListPaths = (
			);
			inputPaths = (
				"${PODS_PODFILE_DIR_PATH}/Podfile.lock",
				"${PODS_ROOT}/Manifest.lock",
			);
			name = "[CP] Check Pods Manifest.lock";
			outputFileListPaths = (
			);
			outputPaths = (
				"$(DERIVED_FILE_DIR)/Pods-ParstagramTests-checkManifestLockResult.txt",
			);
			runOnlyForDeploymentPostprocessing = 0;
			shellPath = /bin/sh;
			shellScript = "diff \"${PODS_PODFILE_DIR_PATH}/Podfile.lock\" \"${PODS_ROOT}/Manifest.lock\" > /dev/null\nif [ $? != 0 ] ; then\n    # print error to STDERR\n    echo \"error: The sandbox is not in sync with the Podfile.lock. Run 'pod install' or update your CocoaPods installation.\" >&2\n    exit 1\nfi\n# This output is used by Xcode 'outputs' to avoid re-running this script phase.\necho \"SUCCESS\" > \"${SCRIPT_OUTPUT_FILE_0}\"\n";
			showEnvVarsInLog = 0;
		};
		755EEAEFA214CCF27FD14F4D /* [CP] Check Pods Manifest.lock */ = {
			isa = PBXShellScriptBuildPhase;
			buildActionMask = 2147483647;
			files = (
			);
			inputFileListPaths = (
			);
			inputPaths = (
				"${PODS_PODFILE_DIR_PATH}/Podfile.lock",
				"${PODS_ROOT}/Manifest.lock",
			);
			name = "[CP] Check Pods Manifest.lock";
			outputFileListPaths = (
			);
			outputPaths = (
				"$(DERIVED_FILE_DIR)/Pods-Parstagram-ParstagramUITests-checkManifestLockResult.txt",
			);
			runOnlyForDeploymentPostprocessing = 0;
			shellPath = /bin/sh;
			shellScript = "diff \"${PODS_PODFILE_DIR_PATH}/Podfile.lock\" \"${PODS_ROOT}/Manifest.lock\" > /dev/null\nif [ $? != 0 ] ; then\n    # print error to STDERR\n    echo \"error: The sandbox is not in sync with the Podfile.lock. Run 'pod install' or update your CocoaPods installation.\" >&2\n    exit 1\nfi\n# This output is used by Xcode 'outputs' to avoid re-running this script phase.\necho \"SUCCESS\" > \"${SCRIPT_OUTPUT_FILE_0}\"\n";
			showEnvVarsInLog = 0;
		};
		77EA9C71A9E0375987473F0E /* [CP] Embed Pods Frameworks */ = {
			isa = PBXShellScriptBuildPhase;
			buildActionMask = 2147483647;
			files = (
			);
			inputFileListPaths = (
				"${PODS_ROOT}/Target Support Files/Pods-Parstagram-ParstagramUITests/Pods-Parstagram-ParstagramUITests-frameworks-${CONFIGURATION}-input-files.xcfilelist",
			);
			name = "[CP] Embed Pods Frameworks";
			outputFileListPaths = (
				"${PODS_ROOT}/Target Support Files/Pods-Parstagram-ParstagramUITests/Pods-Parstagram-ParstagramUITests-frameworks-${CONFIGURATION}-output-files.xcfilelist",
			);
			runOnlyForDeploymentPostprocessing = 0;
			shellPath = /bin/sh;
			shellScript = "\"${PODS_ROOT}/Target Support Files/Pods-Parstagram-ParstagramUITests/Pods-Parstagram-ParstagramUITests-frameworks.sh\"\n";
			showEnvVarsInLog = 0;
		};
/* End PBXShellScriptBuildPhase section */

/* Begin PBXSourcesBuildPhase section */
		9DD0B1AE26046B4300D2E1B4 /* Sources */ = {
			isa = PBXSourcesBuildPhase;
			buildActionMask = 2147483647;
			files = (
				9DA44AA626046EFF00FF71AF /* LoginViewController.swift in Sources */,
				9DA44AB02604798500FF71AF /* CameraViewController.swift in Sources */,
				9DD0B1B626046B4300D2E1B4 /* AppDelegate.swift in Sources */,
				9DA44AAB26046F1400FF71AF /* FeedViewController.swift in Sources */,
				9DD0B1B826046B4300D2E1B4 /* SceneDelegate.swift in Sources */,
				9D4523DB26052A96003C03B9 /* PostCell.swift in Sources */,
			);
			runOnlyForDeploymentPostprocessing = 0;
		};
		9DD0B1C426046B4400D2E1B4 /* Sources */ = {
			isa = PBXSourcesBuildPhase;
			buildActionMask = 2147483647;
			files = (
				9DD0B1CD26046B4400D2E1B4 /* ParstagramTests.swift in Sources */,
			);
			runOnlyForDeploymentPostprocessing = 0;
		};
		9DD0B1CF26046B4400D2E1B4 /* Sources */ = {
			isa = PBXSourcesBuildPhase;
			buildActionMask = 2147483647;
			files = (
				9DD0B1D826046B4400D2E1B4 /* ParstagramUITests.swift in Sources */,
			);
			runOnlyForDeploymentPostprocessing = 0;
		};
/* End PBXSourcesBuildPhase section */

/* Begin PBXTargetDependency section */
		9DD0B1CA26046B4400D2E1B4 /* PBXTargetDependency */ = {
			isa = PBXTargetDependency;
			target = 9DD0B1B126046B4300D2E1B4 /* Parstagram */;
			targetProxy = 9DD0B1C926046B4400D2E1B4 /* PBXContainerItemProxy */;
		};
		9DD0B1D526046B4400D2E1B4 /* PBXTargetDependency */ = {
			isa = PBXTargetDependency;
			target = 9DD0B1B126046B4300D2E1B4 /* Parstagram */;
			targetProxy = 9DD0B1D426046B4400D2E1B4 /* PBXContainerItemProxy */;
		};
/* End PBXTargetDependency section */

/* Begin PBXVariantGroup section */
		9DD0B1BB26046B4300D2E1B4 /* Main.storyboard */ = {
			isa = PBXVariantGroup;
			children = (
				9DD0B1BC26046B4300D2E1B4 /* Base */,
			);
			name = Main.storyboard;
			sourceTree = "<group>";
		};
		9DD0B1C026046B4400D2E1B4 /* LaunchScreen.storyboard */ = {
			isa = PBXVariantGroup;
			children = (
				9DD0B1C126046B4400D2E1B4 /* Base */,
			);
			name = LaunchScreen.storyboard;
			sourceTree = "<group>";
		};
/* End PBXVariantGroup section */

/* Begin XCBuildConfiguration section */
		9DD0B1DA26046B4400D2E1B4 /* Debug */ = {
			isa = XCBuildConfiguration;
			buildSettings = {
				ALWAYS_SEARCH_USER_PATHS = NO;
				CLANG_ANALYZER_NONNULL = YES;
				CLANG_ANALYZER_NUMBER_OBJECT_CONVERSION = YES_AGGRESSIVE;
				CLANG_CXX_LANGUAGE_STANDARD = "gnu++14";
				CLANG_CXX_LIBRARY = "libc++";
				CLANG_ENABLE_MODULES = YES;
				CLANG_ENABLE_OBJC_ARC = YES;
				CLANG_ENABLE_OBJC_WEAK = YES;
				CLANG_WARN_BLOCK_CAPTURE_AUTORELEASING = YES;
				CLANG_WARN_BOOL_CONVERSION = YES;
				CLANG_WARN_COMMA = YES;
				CLANG_WARN_CONSTANT_CONVERSION = YES;
				CLANG_WARN_DEPRECATED_OBJC_IMPLEMENTATIONS = YES;
				CLANG_WARN_DIRECT_OBJC_ISA_USAGE = YES_ERROR;
				CLANG_WARN_DOCUMENTATION_COMMENTS = YES;
				CLANG_WARN_EMPTY_BODY = YES;
				CLANG_WARN_ENUM_CONVERSION = YES;
				CLANG_WARN_INFINITE_RECURSION = YES;
				CLANG_WARN_INT_CONVERSION = YES;
				CLANG_WARN_NON_LITERAL_NULL_CONVERSION = YES;
				CLANG_WARN_OBJC_IMPLICIT_RETAIN_SELF = YES;
				CLANG_WARN_OBJC_LITERAL_CONVERSION = YES;
				CLANG_WARN_OBJC_ROOT_CLASS = YES_ERROR;
				CLANG_WARN_QUOTED_INCLUDE_IN_FRAMEWORK_HEADER = YES;
				CLANG_WARN_RANGE_LOOP_ANALYSIS = YES;
				CLANG_WARN_STRICT_PROTOTYPES = YES;
				CLANG_WARN_SUSPICIOUS_MOVE = YES;
				CLANG_WARN_UNGUARDED_AVAILABILITY = YES_AGGRESSIVE;
				CLANG_WARN_UNREACHABLE_CODE = YES;
				CLANG_WARN__DUPLICATE_METHOD_MATCH = YES;
				COPY_PHASE_STRIP = NO;
				DEBUG_INFORMATION_FORMAT = dwarf;
				ENABLE_STRICT_OBJC_MSGSEND = YES;
				ENABLE_TESTABILITY = YES;
				GCC_C_LANGUAGE_STANDARD = gnu11;
				GCC_DYNAMIC_NO_PIC = NO;
				GCC_NO_COMMON_BLOCKS = YES;
				GCC_OPTIMIZATION_LEVEL = 0;
				GCC_PREPROCESSOR_DEFINITIONS = (
					"DEBUG=1",
					"$(inherited)",
				);
				GCC_WARN_64_TO_32_BIT_CONVERSION = YES;
				GCC_WARN_ABOUT_RETURN_TYPE = YES_ERROR;
				GCC_WARN_UNDECLARED_SELECTOR = YES;
				GCC_WARN_UNINITIALIZED_AUTOS = YES_AGGRESSIVE;
				GCC_WARN_UNUSED_FUNCTION = YES;
				GCC_WARN_UNUSED_VARIABLE = YES;
				IPHONEOS_DEPLOYMENT_TARGET = 14.3;
				MTL_ENABLE_DEBUG_INFO = INCLUDE_SOURCE;
				MTL_FAST_MATH = YES;
				ONLY_ACTIVE_ARCH = YES;
				SDKROOT = iphoneos;
				SWIFT_ACTIVE_COMPILATION_CONDITIONS = DEBUG;
				SWIFT_OPTIMIZATION_LEVEL = "-Onone";
			};
			name = Debug;
		};
		9DD0B1DB26046B4400D2E1B4 /* Release */ = {
			isa = XCBuildConfiguration;
			buildSettings = {
				ALWAYS_SEARCH_USER_PATHS = NO;
				CLANG_ANALYZER_NONNULL = YES;
				CLANG_ANALYZER_NUMBER_OBJECT_CONVERSION = YES_AGGRESSIVE;
				CLANG_CXX_LANGUAGE_STANDARD = "gnu++14";
				CLANG_CXX_LIBRARY = "libc++";
				CLANG_ENABLE_MODULES = YES;
				CLANG_ENABLE_OBJC_ARC = YES;
				CLANG_ENABLE_OBJC_WEAK = YES;
				CLANG_WARN_BLOCK_CAPTURE_AUTORELEASING = YES;
				CLANG_WARN_BOOL_CONVERSION = YES;
				CLANG_WARN_COMMA = YES;
				CLANG_WARN_CONSTANT_CONVERSION = YES;
				CLANG_WARN_DEPRECATED_OBJC_IMPLEMENTATIONS = YES;
				CLANG_WARN_DIRECT_OBJC_ISA_USAGE = YES_ERROR;
				CLANG_WARN_DOCUMENTATION_COMMENTS = YES;
				CLANG_WARN_EMPTY_BODY = YES;
				CLANG_WARN_ENUM_CONVERSION = YES;
				CLANG_WARN_INFINITE_RECURSION = YES;
				CLANG_WARN_INT_CONVERSION = YES;
				CLANG_WARN_NON_LITERAL_NULL_CONVERSION = YES;
				CLANG_WARN_OBJC_IMPLICIT_RETAIN_SELF = YES;
				CLANG_WARN_OBJC_LITERAL_CONVERSION = YES;
				CLANG_WARN_OBJC_ROOT_CLASS = YES_ERROR;
				CLANG_WARN_QUOTED_INCLUDE_IN_FRAMEWORK_HEADER = YES;
				CLANG_WARN_RANGE_LOOP_ANALYSIS = YES;
				CLANG_WARN_STRICT_PROTOTYPES = YES;
				CLANG_WARN_SUSPICIOUS_MOVE = YES;
				CLANG_WARN_UNGUARDED_AVAILABILITY = YES_AGGRESSIVE;
				CLANG_WARN_UNREACHABLE_CODE = YES;
				CLANG_WARN__DUPLICATE_METHOD_MATCH = YES;
				COPY_PHASE_STRIP = NO;
				DEBUG_INFORMATION_FORMAT = "dwarf-with-dsym";
				ENABLE_NS_ASSERTIONS = NO;
				ENABLE_STRICT_OBJC_MSGSEND = YES;
				GCC_C_LANGUAGE_STANDARD = gnu11;
				GCC_NO_COMMON_BLOCKS = YES;
				GCC_WARN_64_TO_32_BIT_CONVERSION = YES;
				GCC_WARN_ABOUT_RETURN_TYPE = YES_ERROR;
				GCC_WARN_UNDECLARED_SELECTOR = YES;
				GCC_WARN_UNINITIALIZED_AUTOS = YES_AGGRESSIVE;
				GCC_WARN_UNUSED_FUNCTION = YES;
				GCC_WARN_UNUSED_VARIABLE = YES;
				IPHONEOS_DEPLOYMENT_TARGET = 14.3;
				MTL_ENABLE_DEBUG_INFO = NO;
				MTL_FAST_MATH = YES;
				SDKROOT = iphoneos;
				SWIFT_COMPILATION_MODE = wholemodule;
				SWIFT_OPTIMIZATION_LEVEL = "-O";
				VALIDATE_PRODUCT = YES;
			};
			name = Release;
		};
		9DD0B1DD26046B4400D2E1B4 /* Debug */ = {
			isa = XCBuildConfiguration;
			baseConfigurationReference = B33B01C7B72F804B7A12E880 /* Pods-Parstagram.debug.xcconfig */;
			buildSettings = {
				ASSETCATALOG_COMPILER_APPICON_NAME = AppIcon;
				ASSETCATALOG_COMPILER_GLOBAL_ACCENT_COLOR_NAME = AccentColor;
				CODE_SIGN_STYLE = Automatic;
				INFOPLIST_FILE = Parstagram/Info.plist;
				LD_RUNPATH_SEARCH_PATHS = (
					"$(inherited)",
					"@executable_path/Frameworks",
				);
				PRODUCT_BUNDLE_IDENTIFIER = com.codepath.Parstagram;
				PRODUCT_NAME = "$(TARGET_NAME)";
				SWIFT_VERSION = 5.0;
				TARGETED_DEVICE_FAMILY = "1,2";
			};
			name = Debug;
		};
		9DD0B1DE26046B4400D2E1B4 /* Release */ = {
			isa = XCBuildConfiguration;
			baseConfigurationReference = D78AD83953FE1052FFCE3B71 /* Pods-Parstagram.release.xcconfig */;
			buildSettings = {
				ASSETCATALOG_COMPILER_APPICON_NAME = AppIcon;
				ASSETCATALOG_COMPILER_GLOBAL_ACCENT_COLOR_NAME = AccentColor;
				CODE_SIGN_STYLE = Automatic;
				INFOPLIST_FILE = Parstagram/Info.plist;
				LD_RUNPATH_SEARCH_PATHS = (
					"$(inherited)",
					"@executable_path/Frameworks",
				);
				PRODUCT_BUNDLE_IDENTIFIER = com.codepath.Parstagram;
				PRODUCT_NAME = "$(TARGET_NAME)";
				SWIFT_VERSION = 5.0;
				TARGETED_DEVICE_FAMILY = "1,2";
			};
			name = Release;
		};
		9DD0B1E026046B4400D2E1B4 /* Debug */ = {
			isa = XCBuildConfiguration;
			baseConfigurationReference = 10AFBECB750BC6ECF7683612 /* Pods-ParstagramTests.debug.xcconfig */;
			buildSettings = {
				ALWAYS_EMBED_SWIFT_STANDARD_LIBRARIES = YES;
				BUNDLE_LOADER = "$(TEST_HOST)";
				CODE_SIGN_STYLE = Automatic;
				INFOPLIST_FILE = ParstagramTests/Info.plist;
				IPHONEOS_DEPLOYMENT_TARGET = 14.3;
				LD_RUNPATH_SEARCH_PATHS = (
					"$(inherited)",
					"@executable_path/Frameworks",
					"@loader_path/Frameworks",
				);
				PRODUCT_BUNDLE_IDENTIFIER = com.codepath.ParstagramTests;
				PRODUCT_NAME = "$(TARGET_NAME)";
				SWIFT_VERSION = 5.0;
				TARGETED_DEVICE_FAMILY = "1,2";
				TEST_HOST = "$(BUILT_PRODUCTS_DIR)/Parstagram.app/Parstagram";
			};
			name = Debug;
		};
		9DD0B1E126046B4400D2E1B4 /* Release */ = {
			isa = XCBuildConfiguration;
			baseConfigurationReference = 6A89C8170AF4C67194220771 /* Pods-ParstagramTests.release.xcconfig */;
			buildSettings = {
				ALWAYS_EMBED_SWIFT_STANDARD_LIBRARIES = YES;
				BUNDLE_LOADER = "$(TEST_HOST)";
				CODE_SIGN_STYLE = Automatic;
				INFOPLIST_FILE = ParstagramTests/Info.plist;
				IPHONEOS_DEPLOYMENT_TARGET = 14.3;
				LD_RUNPATH_SEARCH_PATHS = (
					"$(inherited)",
					"@executable_path/Frameworks",
					"@loader_path/Frameworks",
				);
				PRODUCT_BUNDLE_IDENTIFIER = com.codepath.ParstagramTests;
				PRODUCT_NAME = "$(TARGET_NAME)";
				SWIFT_VERSION = 5.0;
				TARGETED_DEVICE_FAMILY = "1,2";
				TEST_HOST = "$(BUILT_PRODUCTS_DIR)/Parstagram.app/Parstagram";
			};
			name = Release;
		};
		9DD0B1E326046B4400D2E1B4 /* Debug */ = {
			isa = XCBuildConfiguration;
			baseConfigurationReference = 569BDBB816DB0370CE0C5610 /* Pods-Parstagram-ParstagramUITests.debug.xcconfig */;
			buildSettings = {
				ALWAYS_EMBED_SWIFT_STANDARD_LIBRARIES = YES;
				CODE_SIGN_STYLE = Automatic;
				INFOPLIST_FILE = ParstagramUITests/Info.plist;
				LD_RUNPATH_SEARCH_PATHS = (
					"$(inherited)",
					"@executable_path/Frameworks",
					"@loader_path/Frameworks",
				);
				PRODUCT_BUNDLE_IDENTIFIER = com.codepath.ParstagramUITests;
				PRODUCT_NAME = "$(TARGET_NAME)";
				SWIFT_VERSION = 5.0;
				TARGETED_DEVICE_FAMILY = "1,2";
				TEST_TARGET_NAME = Parstagram;
			};
			name = Debug;
		};
		9DD0B1E426046B4400D2E1B4 /* Release */ = {
			isa = XCBuildConfiguration;
			baseConfigurationReference = C1D5479EB61D4580F393444E /* Pods-Parstagram-ParstagramUITests.release.xcconfig */;
			buildSettings = {
				ALWAYS_EMBED_SWIFT_STANDARD_LIBRARIES = YES;
				CODE_SIGN_STYLE = Automatic;
				INFOPLIST_FILE = ParstagramUITests/Info.plist;
				LD_RUNPATH_SEARCH_PATHS = (
					"$(inherited)",
					"@executable_path/Frameworks",
					"@loader_path/Frameworks",
				);
				PRODUCT_BUNDLE_IDENTIFIER = com.codepath.ParstagramUITests;
				PRODUCT_NAME = "$(TARGET_NAME)";
				SWIFT_VERSION = 5.0;
				TARGETED_DEVICE_FAMILY = "1,2";
				TEST_TARGET_NAME = Parstagram;
			};
			name = Release;
		};
/* End XCBuildConfiguration section */

/* Begin XCConfigurationList section */
		9DD0B1AD26046B4300D2E1B4 /* Build configuration list for PBXProject "Parstagram" */ = {
			isa = XCConfigurationList;
			buildConfigurations = (
				9DD0B1DA26046B4400D2E1B4 /* Debug */,
				9DD0B1DB26046B4400D2E1B4 /* Release */,
			);
			defaultConfigurationIsVisible = 0;
			defaultConfigurationName = Release;
		};
		9DD0B1DC26046B4400D2E1B4 /* Build configuration list for PBXNativeTarget "Parstagram" */ = {
			isa = XCConfigurationList;
			buildConfigurations = (
				9DD0B1DD26046B4400D2E1B4 /* Debug */,
				9DD0B1DE26046B4400D2E1B4 /* Release */,
			);
			defaultConfigurationIsVisible = 0;
			defaultConfigurationName = Release;
		};
		9DD0B1DF26046B4400D2E1B4 /* Build configuration list for PBXNativeTarget "ParstagramTests" */ = {
			isa = XCConfigurationList;
			buildConfigurations = (
				9DD0B1E026046B4400D2E1B4 /* Debug */,
				9DD0B1E126046B4400D2E1B4 /* Release */,
			);
			defaultConfigurationIsVisible = 0;
			defaultConfigurationName = Release;
		};
		9DD0B1E226046B4400D2E1B4 /* Build configuration list for PBXNativeTarget "ParstagramUITests" */ = {
			isa = XCConfigurationList;
			buildConfigurations = (
				9DD0B1E326046B4400D2E1B4 /* Debug */,
				9DD0B1E426046B4400D2E1B4 /* Release */,
			);
			defaultConfigurationIsVisible = 0;
			defaultConfigurationName = Release;
		};
/* End XCConfigurationList section */
	};
	rootObject = 9DD0B1AA26046B4300D2E1B4 /* Project object */;
}
